
Microsoft Visual Studio Solution File, Format Version 12.00
# Visual Studio Version 16
VisualStudioVersion = 16.0.28803.202
MinimumVisualStudioVersion = 10.0.40219.1
Project("{9A19103F-16F7-4668-BE54-9A1E7A4F7556}") = "arcia", "arcia.csproj", "{F6F793B6-8504-4C03-A833-9FF7DC18FFA3}"
EndProject
Project("{FAE04EC0-301F-11D3-BF4B-00C04F79EFBC}") = "NUnitTestProject1", "..\NUnitTestProject1\NUnitTestProject1.csproj", "{9912CEE0-5C60-44D3-858E-CA0E8D468223}"
EndProject
Global
	GlobalSection(SolutionConfigurationPlatforms) = preSolution
		Debug|Any CPU = Debug|Any CPU
		Release|Any CPU = Release|Any CPU
	EndGlobalSection
	GlobalSection(ProjectConfigurationPlatforms) = postSolution
		{F6F793B6-8504-4C03-A833-9FF7DC18FFA3}.Debug|Any CPU.ActiveCfg = Debug|Any CPU
		{F6F793B6-8504-4C03-A833-9FF7DC18FFA3}.Debug|Any CPU.Build.0 = Debug|Any CPU
		{F6F793B6-8504-4C03-A833-9FF7DC18FFA3}.Release|Any CPU.ActiveCfg = Release|Any CPU
		{F6F793B6-8504-4C03-A833-9FF7DC18FFA3}.Release|Any CPU.Build.0 = Release|Any CPU
		{9912CEE0-5C60-44D3-858E-CA0E8D468223}.Debug|Any CPU.ActiveCfg = Debug|Any CPU
		{9912CEE0-5C60-44D3-858E-CA0E8D468223}.Debug|Any CPU.Build.0 = Debug|Any CPU
		{9912CEE0-5C60-44D3-858E-CA0E8D468223}.Release|Any CPU.ActiveCfg = Release|Any CPU
		{9912CEE0-5C60-44D3-858E-CA0E8D468223}.Release|Any CPU.Build.0 = Release|Any CPU
	EndGlobalSection
	GlobalSection(SolutionProperties) = preSolution
		HideSolutionNode = FALSE
	EndGlobalSection
	GlobalSection(ExtensibilityGlobals) = postSolution
		SolutionGuid = {4D7712A4-C532-4DD9-A739-3D991D19FC01}
	EndGlobalSection
EndGlobal
